// !$*UTF8*$!
{
	archiveVersion = 1;
	classes = {
	};
	objectVersion = 46;
	objects = {

/* Begin PBXBuildFile section */
		A615A90417BB7AB0006114DC /* USKKompeito.m in Sources */ = {isa = PBXBuildFile; fileRef = A615A90317BB7AB0006114DC /* USKKompeito.m */; };
		A615A90717BB7AB1006114DC /* USKPage.m in Sources */ = {isa = PBXBuildFile; fileRef = A615A90617BB7AB1006114DC /* USKPage.m */; };
		A615A90A17BB7AB1006114DC /* USKRoot.m in Sources */ = {isa = PBXBuildFile; fileRef = A615A90917BB7AB1006114DC /* USKRoot.m */; };
		A615A90D17BB7E07006114DC /* USKKompeitoSphere.m in Sources */ = {isa = PBXBuildFile; fileRef = A615A90C17BB7E07006114DC /* USKKompeitoSphere.m */; };
		A615A91417BB9258006114DC /* USKFactoryPageViewController.m in Sources */ = {isa = PBXBuildFile; fileRef = A615A91317BB9258006114DC /* USKFactoryPageViewController.m */; };
		A615A91617BB9295006114DC /* USKFactoryPage.xib in Resources */ = {isa = PBXBuildFile; fileRef = A615A91517BB9295006114DC /* USKFactoryPage.xib */; };
		A656BF1E17BB188300DFE175 /* UIKit.framework in Frameworks */ = {isa = PBXBuildFile; fileRef = A656BF1D17BB188300DFE175 /* UIKit.framework */; };
		A656BF2017BB188300DFE175 /* Foundation.framework in Frameworks */ = {isa = PBXBuildFile; fileRef = A656BF1F17BB188300DFE175 /* Foundation.framework */; };
		A656BF2217BB188300DFE175 /* CoreGraphics.framework in Frameworks */ = {isa = PBXBuildFile; fileRef = A656BF2117BB188300DFE175 /* CoreGraphics.framework */; };
		A656BF2817BB188300DFE175 /* InfoPlist.strings in Resources */ = {isa = PBXBuildFile; fileRef = A656BF2617BB188300DFE175 /* InfoPlist.strings */; };
		A656BF2A17BB188400DFE175 /* main.m in Sources */ = {isa = PBXBuildFile; fileRef = A656BF2917BB188400DFE175 /* main.m */; };
		A656BF2E17BB188400DFE175 /* USKAppDelegate.m in Sources */ = {isa = PBXBuildFile; fileRef = A656BF2D17BB188400DFE175 /* USKAppDelegate.m */; };
		A656BF3017BB188500DFE175 /* Default.png in Resources */ = {isa = PBXBuildFile; fileRef = A656BF2F17BB188500DFE175 /* Default.png */; };
		A656BF3217BB188500DFE175 /* Default@2x.png in Resources */ = {isa = PBXBuildFile; fileRef = A656BF3117BB188500DFE175 /* Default@2x.png */; };
		A656BF3417BB188500DFE175 /* Default-568h@2x.png in Resources */ = {isa = PBXBuildFile; fileRef = A656BF3317BB188500DFE175 /* Default-568h@2x.png */; };
		A656BF3717BB188600DFE175 /* MainStoryboard.storyboard in Resources */ = {isa = PBXBuildFile; fileRef = A656BF3517BB188600DFE175 /* MainStoryboard.storyboard */; };
		A656BF3A17BB188600DFE175 /* USKViewController.m in Sources */ = {isa = PBXBuildFile; fileRef = A656BF3917BB188600DFE175 /* USKViewController.m */; };
		A656BF4117BB18C600DFE175 /* libBulletPhysics-universal.a in Frameworks */ = {isa = PBXBuildFile; fileRef = A656BF4017BB18C600DFE175 /* libBulletPhysics-universal.a */; };
		A656BF4D17BB19DA00DFE175 /* NSManagedObject+Helper.m in Sources */ = {isa = PBXBuildFile; fileRef = A656BF4417BB19DA00DFE175 /* NSManagedObject+Helper.m */; };
		A656BF4E17BB19DA00DFE175 /* USKModel.xcdatamodeld in Sources */ = {isa = PBXBuildFile; fileRef = A656BF4517BB19DA00DFE175 /* USKModel.xcdatamodeld */; };
		A656BF4F17BB19DA00DFE175 /* USKModelManager.m in Sources */ = {isa = PBXBuildFile; fileRef = A656BF4817BB19DA00DFE175 /* USKModelManager.m */; };
		A656BF5517BB1A1B00DFE175 /* UIImage+PDF.m in Sources */ = {isa = PBXBuildFile; fileRef = A656BF5417BB1A1B00DFE175 /* UIImage+PDF.m */; };
		A656BF5717BB1A8800DFE175 /* CoreData.framework in Frameworks */ = {isa = PBXBuildFile; fileRef = A656BF5617BB1A8800DFE175 /* CoreData.framework */; };
		A656BF5917BB1A9200DFE175 /* QuartzCore.framework in Frameworks */ = {isa = PBXBuildFile; fileRef = A656BF5817BB1A9200DFE175 /* QuartzCore.framework */; };
		A656BF5B17BB1A9800DFE175 /* OpenGLES.framework in Frameworks */ = {isa = PBXBuildFile; fileRef = A656BF5A17BB1A9800DFE175 /* OpenGLES.framework */; };
		A656BF5D17BB1A9F00DFE175 /* GLKit.framework in Frameworks */ = {isa = PBXBuildFile; fileRef = A656BF5C17BB1A9F00DFE175 /* GLKit.framework */; };
		A656BF6817BB1AF000DFE175 /* USKNameField.m in Sources */ = {isa = PBXBuildFile; fileRef = A656BF6217BB1AF000DFE175 /* USKNameField.m */; };
		A656BF6917BB1AF000DFE175 /* USKOpenGLView.m in Sources */ = {isa = PBXBuildFile; fileRef = A656BF6417BB1AF000DFE175 /* USKOpenGLView.m */; };
		A656BF6A17BB1AF000DFE175 /* USKPageViewController.m in Sources */ = {isa = PBXBuildFile; fileRef = A656BF6617BB1AF000DFE175 /* USKPageViewController.m */; };
		A656BF6D17BB1B1C00DFE175 /* RemoveIcon.pdf in Resources */ = {isa = PBXBuildFile; fileRef = A656BF6C17BB1B1C00DFE175 /* RemoveIcon.pdf */; };
		A656BF7817BB1C3D00DFE175 /* USKPhysicsObject.mm in Sources */ = {isa = PBXBuildFile; fileRef = A656BF7117BB1C3D00DFE175 /* USKPhysicsObject.mm */; };
		A656BF7917BB1C3D00DFE175 /* USKPhysicsSphere.mm in Sources */ = {isa = PBXBuildFile; fileRef = A656BF7317BB1C3D00DFE175 /* USKPhysicsSphere.mm */; };
		A656BF7A17BB1C3D00DFE175 /* USKPhysicsStaticMesh.mm in Sources */ = {isa = PBXBuildFile; fileRef = A656BF7517BB1C3D00DFE175 /* USKPhysicsStaticMesh.mm */; };
		A656BF7B17BB1C3D00DFE175 /* USKPhysicsWorld.mm in Sources */ = {isa = PBXBuildFile; fileRef = A656BF7717BB1C3D00DFE175 /* USKPhysicsWorld.mm */; };
		A656BFA317BB1C8600DFE175 /* GFbo.m in Sources */ = {isa = PBXBuildFile; fileRef = A656BF7F17BB1C8600DFE175 /* GFbo.m */; };
		A656BFA417BB1C8600DFE175 /* GMutableVbo.m in Sources */ = {isa = PBXBuildFile; fileRef = A656BF8217BB1C8600DFE175 /* GMutableVbo.m */; };
		A656BFA517BB1C8600DFE175 /* GShader.m in Sources */ = {isa = PBXBuildFile; fileRef = A656BF8417BB1C8600DFE175 /* GShader.m */; };
		A656BFA617BB1C8600DFE175 /* GState.m in Sources */ = {isa = PBXBuildFile; fileRef = A656BF8617BB1C8600DFE175 /* GState.m */; };
		A656BFA717BB1C8600DFE175 /* GStateManager.m in Sources */ = {isa = PBXBuildFile; fileRef = A656BF8817BB1C8600DFE175 /* GStateManager.m */; };
		A656BFA817BB1C8600DFE175 /* GTexture.m in Sources */ = {isa = PBXBuildFile; fileRef = A656BF8A17BB1C8600DFE175 /* GTexture.m */; };
		A656BFA917BB1C8600DFE175 /* GVao.m in Sources */ = {isa = PBXBuildFile; fileRef = A656BF8C17BB1C8600DFE175 /* GVao.m */; };
		A656BFAA17BB1C8600DFE175 /* GVbo.m in Sources */ = {isa = PBXBuildFile; fileRef = A656BF8E17BB1C8600DFE175 /* GVbo.m */; };
		A656BFAB17BB1C8600DFE175 /* USKAddEffectGroup.m in Sources */ = {isa = PBXBuildFile; fileRef = A656BF9017BB1C8600DFE175 /* USKAddEffectGroup.m */; };
		A656BFAC17BB1C8600DFE175 /* USKAddEffectRenderer.m in Sources */ = {isa = PBXBuildFile; fileRef = A656BF9217BB1C8600DFE175 /* USKAddEffectRenderer.m */; };
		A656BFAD17BB1C8600DFE175 /* USKBackgroundRenderer.m in Sources */ = {isa = PBXBuildFile; fileRef = A656BF9417BB1C8600DFE175 /* USKBackgroundRenderer.m */; };
		A656BFAE17BB1C8600DFE175 /* USKCamera.m in Sources */ = {isa = PBXBuildFile; fileRef = A656BF9617BB1C8600DFE175 /* USKCamera.m */; };
		A656BFAF17BB1C8600DFE175 /* USKKompeitoRenderer.m in Sources */ = {isa = PBXBuildFile; fileRef = A656BF9917BB1C8600DFE175 /* USKKompeitoRenderer.m */; };
		A656BFB017BB1C8600DFE175 /* USKPhysicsDebugRenderer.mm in Sources */ = {isa = PBXBuildFile; fileRef = A656BF9C17BB1C8600DFE175 /* USKPhysicsDebugRenderer.mm */; };
		A656BFB117BB1C8600DFE175 /* USKPostEffect.m in Sources */ = {isa = PBXBuildFile; fileRef = A656BF9E17BB1C8600DFE175 /* USKPostEffect.m */; };
		A656BFB217BB1C8600DFE175 /* USKStarRenderer.m in Sources */ = {isa = PBXBuildFile; fileRef = A656BFA217BB1C8600DFE175 /* USKStarRenderer.m */; };
		A656BFB517BB1CA100DFE175 /* USKUtility.m in Sources */ = {isa = PBXBuildFile; fileRef = A656BFB417BB1CA100DFE175 /* USKUtility.m */; };
		A656BFBF17BB1D4900DFE175 /* USKPagesContext.m in Sources */ = {isa = PBXBuildFile; fileRef = A656BFBE17BB1D4900DFE175 /* USKPagesContext.m */; };
		A656BFC117BB258500DFE175 /* background.pvrtc in Resources */ = {isa = PBXBuildFile; fileRef = A656BFC017BB255100DFE175 /* background.pvrtc */; };
		A656BFC317BB263D00DFE175 /* star.png in Resources */ = {isa = PBXBuildFile; fileRef = A656BFC217BB263D00DFE175 /* star.png */; };
		A66B6CED17BBA6DF00C1BE46 /* Add.pdf in Resources */ = {isa = PBXBuildFile; fileRef = A66B6CEA17BBA6DF00C1BE46 /* Add.pdf */; };
		A66B6CEE17BBA6DF00C1BE46 /* Copyleft.pdf in Resources */ = {isa = PBXBuildFile; fileRef = A66B6CEB17BBA6DF00C1BE46 /* Copyleft.pdf */; };
		A66B6CEF17BBA6DF00C1BE46 /* Wikipedia.pdf in Resources */ = {isa = PBXBuildFile; fileRef = A66B6CEC17BBA6DF00C1BE46 /* Wikipedia.pdf */; };
		A66B6D0717BBCEEB00C1BE46 /* Localizable.strings in Resources */ = {isa = PBXBuildFile; fileRef = A66B6D0917BBCEEB00C1BE46 /* Localizable.strings */; };
		A66B6D0C17BBCF6F00C1BE46 /* MessageUI.framework in Frameworks */ = {isa = PBXBuildFile; fileRef = A66B6D0B17BBCF6F00C1BE46 /* MessageUI.framework */; };
		A66B6D5A17BBD88A00C1BE46 /* USKBrowserViewController.m in Sources */ = {isa = PBXBuildFile; fileRef = A66B6D5917BBD88A00C1BE46 /* USKBrowserViewController.m */; };
		A66B6D5C17BBDA1900C1BE46 /* USKBrowser.storyboard in Resources */ = {isa = PBXBuildFile; fileRef = A66B6D5B17BBDA1900C1BE46 /* USKBrowser.storyboard */; };
		A66B6D6B17BBDD6E00C1BE46 /* back.png in Resources */ = {isa = PBXBuildFile; fileRef = A66B6D6717BBDD6C00C1BE46 /* back.png */; };
		A66B6D6C17BBDD6E00C1BE46 /* back@2x.png in Resources */ = {isa = PBXBuildFile; fileRef = A66B6D6817BBDD6C00C1BE46 /* back@2x.png */; };
		A66B6D6D17BBDD6E00C1BE46 /* forward.png in Resources */ = {isa = PBXBuildFile; fileRef = A66B6D6917BBDD6D00C1BE46 /* forward.png */; };
		A66B6D6E17BBDD6E00C1BE46 /* forward@2x.png in Resources */ = {isa = PBXBuildFile; fileRef = A66B6D6A17BBDD6D00C1BE46 /* forward@2x.png */; };
		A66B6D7017BBF41D00C1BE46 /* loading in Resources */ = {isa = PBXBuildFile; fileRef = A66B6D6F17BBF41D00C1BE46 /* loading */; };
/* End PBXBuildFile section */

/* Begin PBXFileReference section */
		A615A90217BB7AB0006114DC /* USKKompeito.h */ = {isa = PBXFileReference; fileEncoding = 4; lastKnownFileType = sourcecode.c.h; path = USKKompeito.h; sourceTree = "<group>"; };
		A615A90317BB7AB0006114DC /* USKKompeito.m */ = {isa = PBXFileReference; fileEncoding = 4; lastKnownFileType = sourcecode.c.objc; path = USKKompeito.m; sourceTree = "<group>"; };
		A615A90517BB7AB1006114DC /* USKPage.h */ = {isa = PBXFileReference; fileEncoding = 4; lastKnownFileType = sourcecode.c.h; path = USKPage.h; sourceTree = "<group>"; };
		A615A90617BB7AB1006114DC /* USKPage.m */ = {isa = PBXFileReference; fileEncoding = 4; lastKnownFileType = sourcecode.c.objc; path = USKPage.m; sourceTree = "<group>"; };
		A615A90817BB7AB1006114DC /* USKRoot.h */ = {isa = PBXFileReference; fileEncoding = 4; lastKnownFileType = sourcecode.c.h; path = USKRoot.h; sourceTree = "<group>"; };
		A615A90917BB7AB1006114DC /* USKRoot.m */ = {isa = PBXFileReference; fileEncoding = 4; lastKnownFileType = sourcecode.c.objc; path = USKRoot.m; sourceTree = "<group>"; };
		A615A90B17BB7E07006114DC /* USKKompeitoSphere.h */ = {isa = PBXFileReference; fileEncoding = 4; lastKnownFileType = sourcecode.c.h; path = USKKompeitoSphere.h; sourceTree = "<group>"; };
		A615A90C17BB7E07006114DC /* USKKompeitoSphere.m */ = {isa = PBXFileReference; fileEncoding = 4; lastKnownFileType = sourcecode.c.objc; path = USKKompeitoSphere.m; sourceTree = "<group>"; };
		A615A90E17BB7E3E006114DC /* USKKompeitoConstants.h */ = {isa = PBXFileReference; lastKnownFileType = sourcecode.c.h; path = USKKompeitoConstants.h; sourceTree = "<group>"; };
		A615A91217BB9258006114DC /* USKFactoryPageViewController.h */ = {isa = PBXFileReference; fileEncoding = 4; lastKnownFileType = sourcecode.c.h; path = USKFactoryPageViewController.h; sourceTree = "<group>"; };
		A615A91317BB9258006114DC /* USKFactoryPageViewController.m */ = {isa = PBXFileReference; fileEncoding = 4; lastKnownFileType = sourcecode.c.objc; path = USKFactoryPageViewController.m; sourceTree = "<group>"; };
		A615A91517BB9295006114DC /* USKFactoryPage.xib */ = {isa = PBXFileReference; fileEncoding = 4; lastKnownFileType = file.xib; path = USKFactoryPage.xib; sourceTree = "<group>"; };
		A656BF1A17BB188300DFE175 /* CrystalSuger.app */ = {isa = PBXFileReference; explicitFileType = wrapper.application; includeInIndex = 0; path = CrystalSuger.app; sourceTree = BUILT_PRODUCTS_DIR; };
		A656BF1D17BB188300DFE175 /* UIKit.framework */ = {isa = PBXFileReference; lastKnownFileType = wrapper.framework; name = UIKit.framework; path = System/Library/Frameworks/UIKit.framework; sourceTree = SDKROOT; };
		A656BF1F17BB188300DFE175 /* Foundation.framework */ = {isa = PBXFileReference; lastKnownFileType = wrapper.framework; name = Foundation.framework; path = System/Library/Frameworks/Foundation.framework; sourceTree = SDKROOT; };
		A656BF2117BB188300DFE175 /* CoreGraphics.framework */ = {isa = PBXFileReference; lastKnownFileType = wrapper.framework; name = CoreGraphics.framework; path = System/Library/Frameworks/CoreGraphics.framework; sourceTree = SDKROOT; };
		A656BF2517BB188300DFE175 /* CrystalSuger-Info.plist */ = {isa = PBXFileReference; lastKnownFileType = text.plist.xml; path = "CrystalSuger-Info.plist"; sourceTree = "<group>"; };
		A656BF2717BB188300DFE175 /* en */ = {isa = PBXFileReference; lastKnownFileType = text.plist.strings; name = en; path = en.lproj/InfoPlist.strings; sourceTree = "<group>"; };
		A656BF2917BB188400DFE175 /* main.m */ = {isa = PBXFileReference; lastKnownFileType = sourcecode.c.objc; path = main.m; sourceTree = "<group>"; };
		A656BF2B17BB188400DFE175 /* CrystalSuger-Prefix.pch */ = {isa = PBXFileReference; lastKnownFileType = sourcecode.c.h; path = "CrystalSuger-Prefix.pch"; sourceTree = "<group>"; };
		A656BF2C17BB188400DFE175 /* USKAppDelegate.h */ = {isa = PBXFileReference; lastKnownFileType = sourcecode.c.h; path = USKAppDelegate.h; sourceTree = "<group>"; };
		A656BF2D17BB188400DFE175 /* USKAppDelegate.m */ = {isa = PBXFileReference; lastKnownFileType = sourcecode.c.objc; path = USKAppDelegate.m; sourceTree = "<group>"; };
		A656BF2F17BB188500DFE175 /* Default.png */ = {isa = PBXFileReference; lastKnownFileType = image.png; path = Default.png; sourceTree = "<group>"; };
		A656BF3117BB188500DFE175 /* Default@2x.png */ = {isa = PBXFileReference; lastKnownFileType = image.png; path = "Default@2x.png"; sourceTree = "<group>"; };
		A656BF3317BB188500DFE175 /* Default-568h@2x.png */ = {isa = PBXFileReference; lastKnownFileType = image.png; path = "Default-568h@2x.png"; sourceTree = "<group>"; };
		A656BF3617BB188600DFE175 /* en */ = {isa = PBXFileReference; lastKnownFileType = file.storyboard; name = en; path = en.lproj/MainStoryboard.storyboard; sourceTree = "<group>"; };
		A656BF3817BB188600DFE175 /* USKViewController.h */ = {isa = PBXFileReference; lastKnownFileType = sourcecode.c.h; path = USKViewController.h; sourceTree = "<group>"; };
		A656BF3917BB188600DFE175 /* USKViewController.m */ = {isa = PBXFileReference; lastKnownFileType = sourcecode.c.objc; path = USKViewController.m; sourceTree = "<group>"; };
		A656BF4017BB18C600DFE175 /* libBulletPhysics-universal.a */ = {isa = PBXFileReference; lastKnownFileType = archive.ar; name = "libBulletPhysics-universal.a"; path = "bullet2.81/lib/libBulletPhysics-universal.a"; sourceTree = "<group>"; };
		A656BF4317BB19DA00DFE175 /* NSManagedObject+Helper.h */ = {isa = PBXFileReference; fileEncoding = 4; lastKnownFileType = sourcecode.c.h; path = "NSManagedObject+Helper.h"; sourceTree = "<group>"; };
		A656BF4417BB19DA00DFE175 /* NSManagedObject+Helper.m */ = {isa = PBXFileReference; fileEncoding = 4; lastKnownFileType = sourcecode.c.objc; path = "NSManagedObject+Helper.m"; sourceTree = "<group>"; };
		A656BF4617BB19DA00DFE175 /* USKModel.xcdatamodel */ = {isa = PBXFileReference; lastKnownFileType = wrapper.xcdatamodel; path = USKModel.xcdatamodel; sourceTree = "<group>"; };
		A656BF4717BB19DA00DFE175 /* USKModelManager.h */ = {isa = PBXFileReference; fileEncoding = 4; lastKnownFileType = sourcecode.c.h; path = USKModelManager.h; sourceTree = "<group>"; };
		A656BF4817BB19DA00DFE175 /* USKModelManager.m */ = {isa = PBXFileReference; fileEncoding = 4; lastKnownFileType = sourcecode.c.objc; path = USKModelManager.m; sourceTree = "<group>"; };
		A656BF5317BB1A1B00DFE175 /* UIImage+PDF.h */ = {isa = PBXFileReference; fileEncoding = 4; lastKnownFileType = sourcecode.c.h; path = "UIImage+PDF.h"; sourceTree = "<group>"; };
		A656BF5417BB1A1B00DFE175 /* UIImage+PDF.m */ = {isa = PBXFileReference; fileEncoding = 4; lastKnownFileType = sourcecode.c.objc; path = "UIImage+PDF.m"; sourceTree = "<group>"; };
		A656BF5617BB1A8800DFE175 /* CoreData.framework */ = {isa = PBXFileReference; lastKnownFileType = wrapper.framework; name = CoreData.framework; path = System/Library/Frameworks/CoreData.framework; sourceTree = SDKROOT; };
		A656BF5817BB1A9200DFE175 /* QuartzCore.framework */ = {isa = PBXFileReference; lastKnownFileType = wrapper.framework; name = QuartzCore.framework; path = System/Library/Frameworks/QuartzCore.framework; sourceTree = SDKROOT; };
		A656BF5A17BB1A9800DFE175 /* OpenGLES.framework */ = {isa = PBXFileReference; lastKnownFileType = wrapper.framework; name = OpenGLES.framework; path = System/Library/Frameworks/OpenGLES.framework; sourceTree = SDKROOT; };
		A656BF5C17BB1A9F00DFE175 /* GLKit.framework */ = {isa = PBXFileReference; lastKnownFileType = wrapper.framework; name = GLKit.framework; path = System/Library/Frameworks/GLKit.framework; sourceTree = SDKROOT; };
		A656BF6117BB1AF000DFE175 /* USKNameField.h */ = {isa = PBXFileReference; fileEncoding = 4; lastKnownFileType = sourcecode.c.h; path = USKNameField.h; sourceTree = "<group>"; };
		A656BF6217BB1AF000DFE175 /* USKNameField.m */ = {isa = PBXFileReference; fileEncoding = 4; lastKnownFileType = sourcecode.c.objc; path = USKNameField.m; sourceTree = "<group>"; };
		A656BF6317BB1AF000DFE175 /* USKOpenGLView.h */ = {isa = PBXFileReference; fileEncoding = 4; lastKnownFileType = sourcecode.c.h; path = USKOpenGLView.h; sourceTree = "<group>"; };
		A656BF6417BB1AF000DFE175 /* USKOpenGLView.m */ = {isa = PBXFileReference; fileEncoding = 4; lastKnownFileType = sourcecode.c.objc; path = USKOpenGLView.m; sourceTree = "<group>"; };
		A656BF6517BB1AF000DFE175 /* USKPageViewController.h */ = {isa = PBXFileReference; fileEncoding = 4; lastKnownFileType = sourcecode.c.h; path = USKPageViewController.h; sourceTree = "<group>"; };
		A656BF6617BB1AF000DFE175 /* USKPageViewController.m */ = {isa = PBXFileReference; fileEncoding = 4; lastKnownFileType = sourcecode.c.objc; path = USKPageViewController.m; sourceTree = "<group>"; };
		A656BF6C17BB1B1C00DFE175 /* RemoveIcon.pdf */ = {isa = PBXFileReference; lastKnownFileType = image.pdf; path = RemoveIcon.pdf; sourceTree = "<group>"; };
		A656BF6F17BB1C3D00DFE175 /* USKPhialCollisionVertices.h */ = {isa = PBXFileReference; fileEncoding = 4; lastKnownFileType = sourcecode.c.h; path = USKPhialCollisionVertices.h; sourceTree = "<group>"; };
		A656BF7017BB1C3D00DFE175 /* USKPhysicsObject.h */ = {isa = PBXFileReference; fileEncoding = 4; lastKnownFileType = sourcecode.c.h; path = USKPhysicsObject.h; sourceTree = "<group>"; };
		A656BF7117BB1C3D00DFE175 /* USKPhysicsObject.mm */ = {isa = PBXFileReference; fileEncoding = 4; lastKnownFileType = sourcecode.cpp.objcpp; path = USKPhysicsObject.mm; sourceTree = "<group>"; };
		A656BF7217BB1C3D00DFE175 /* USKPhysicsSphere.h */ = {isa = PBXFileReference; fileEncoding = 4; lastKnownFileType = sourcecode.c.h; path = USKPhysicsSphere.h; sourceTree = "<group>"; };
		A656BF7317BB1C3D00DFE175 /* USKPhysicsSphere.mm */ = {isa = PBXFileReference; fileEncoding = 4; lastKnownFileType = sourcecode.cpp.objcpp; path = USKPhysicsSphere.mm; sourceTree = "<group>"; };
		A656BF7417BB1C3D00DFE175 /* USKPhysicsStaticMesh.h */ = {isa = PBXFileReference; fileEncoding = 4; lastKnownFileType = sourcecode.c.h; path = USKPhysicsStaticMesh.h; sourceTree = "<group>"; };
		A656BF7517BB1C3D00DFE175 /* USKPhysicsStaticMesh.mm */ = {isa = PBXFileReference; fileEncoding = 4; lastKnownFileType = sourcecode.cpp.objcpp; path = USKPhysicsStaticMesh.mm; sourceTree = "<group>"; };
		A656BF7617BB1C3D00DFE175 /* USKPhysicsWorld.h */ = {isa = PBXFileReference; fileEncoding = 4; lastKnownFileType = sourcecode.c.h; path = USKPhysicsWorld.h; sourceTree = "<group>"; };
		A656BF7717BB1C3D00DFE175 /* USKPhysicsWorld.mm */ = {isa = PBXFileReference; fileEncoding = 4; lastKnownFileType = sourcecode.cpp.objcpp; path = USKPhysicsWorld.mm; sourceTree = "<group>"; };
		A656BF7E17BB1C8600DFE175 /* GFbo.h */ = {isa = PBXFileReference; fileEncoding = 4; lastKnownFileType = sourcecode.c.h; path = GFbo.h; sourceTree = "<group>"; };
		A656BF7F17BB1C8600DFE175 /* GFbo.m */ = {isa = PBXFileReference; fileEncoding = 4; lastKnownFileType = sourcecode.c.objc; path = GFbo.m; sourceTree = "<group>"; };
		A656BF8017BB1C8600DFE175 /* GMacros.h */ = {isa = PBXFileReference; fileEncoding = 4; lastKnownFileType = sourcecode.c.h; path = GMacros.h; sourceTree = "<group>"; };
		A656BF8117BB1C8600DFE175 /* GMutableVbo.h */ = {isa = PBXFileReference; fileEncoding = 4; lastKnownFileType = sourcecode.c.h; path = GMutableVbo.h; sourceTree = "<group>"; };
		A656BF8217BB1C8600DFE175 /* GMutableVbo.m */ = {isa = PBXFileReference; fileEncoding = 4; lastKnownFileType = sourcecode.c.objc; path = GMutableVbo.m; sourceTree = "<group>"; };
		A656BF8317BB1C8600DFE175 /* GShader.h */ = {isa = PBXFileReference; fileEncoding = 4; lastKnownFileType = sourcecode.c.h; path = GShader.h; sourceTree = "<group>"; };
		A656BF8417BB1C8600DFE175 /* GShader.m */ = {isa = PBXFileReference; fileEncoding = 4; lastKnownFileType = sourcecode.c.objc; path = GShader.m; sourceTree = "<group>"; };
		A656BF8517BB1C8600DFE175 /* GState.h */ = {isa = PBXFileReference; fileEncoding = 4; lastKnownFileType = sourcecode.c.h; path = GState.h; sourceTree = "<group>"; };
		A656BF8617BB1C8600DFE175 /* GState.m */ = {isa = PBXFileReference; fileEncoding = 4; lastKnownFileType = sourcecode.c.objc; path = GState.m; sourceTree = "<group>"; };
		A656BF8717BB1C8600DFE175 /* GStateManager.h */ = {isa = PBXFileReference; fileEncoding = 4; lastKnownFileType = sourcecode.c.h; path = GStateManager.h; sourceTree = "<group>"; };
		A656BF8817BB1C8600DFE175 /* GStateManager.m */ = {isa = PBXFileReference; fileEncoding = 4; lastKnownFileType = sourcecode.c.objc; path = GStateManager.m; sourceTree = "<group>"; };
		A656BF8917BB1C8600DFE175 /* GTexture.h */ = {isa = PBXFileReference; fileEncoding = 4; lastKnownFileType = sourcecode.c.h; path = GTexture.h; sourceTree = "<group>"; };
		A656BF8A17BB1C8600DFE175 /* GTexture.m */ = {isa = PBXFileReference; fileEncoding = 4; lastKnownFileType = sourcecode.c.objc; path = GTexture.m; sourceTree = "<group>"; };
		A656BF8B17BB1C8600DFE175 /* GVao.h */ = {isa = PBXFileReference; fileEncoding = 4; lastKnownFileType = sourcecode.c.h; path = GVao.h; sourceTree = "<group>"; };
		A656BF8C17BB1C8600DFE175 /* GVao.m */ = {isa = PBXFileReference; fileEncoding = 4; lastKnownFileType = sourcecode.c.objc; path = GVao.m; sourceTree = "<group>"; };
		A656BF8D17BB1C8600DFE175 /* GVbo.h */ = {isa = PBXFileReference; fileEncoding = 4; lastKnownFileType = sourcecode.c.h; path = GVbo.h; sourceTree = "<group>"; };
		A656BF8E17BB1C8600DFE175 /* GVbo.m */ = {isa = PBXFileReference; fileEncoding = 4; lastKnownFileType = sourcecode.c.objc; path = GVbo.m; sourceTree = "<group>"; };
		A656BF8F17BB1C8600DFE175 /* USKAddEffectGroup.h */ = {isa = PBXFileReference; fileEncoding = 4; lastKnownFileType = sourcecode.c.h; path = USKAddEffectGroup.h; sourceTree = "<group>"; };
		A656BF9017BB1C8600DFE175 /* USKAddEffectGroup.m */ = {isa = PBXFileReference; fileEncoding = 4; lastKnownFileType = sourcecode.c.objc; path = USKAddEffectGroup.m; sourceTree = "<group>"; };
		A656BF9117BB1C8600DFE175 /* USKAddEffectRenderer.h */ = {isa = PBXFileReference; fileEncoding = 4; lastKnownFileType = sourcecode.c.h; path = USKAddEffectRenderer.h; sourceTree = "<group>"; };
		A656BF9217BB1C8600DFE175 /* USKAddEffectRenderer.m */ = {isa = PBXFileReference; fileEncoding = 4; lastKnownFileType = sourcecode.c.objc; path = USKAddEffectRenderer.m; sourceTree = "<group>"; };
		A656BF9317BB1C8600DFE175 /* USKBackgroundRenderer.h */ = {isa = PBXFileReference; fileEncoding = 4; lastKnownFileType = sourcecode.c.h; path = USKBackgroundRenderer.h; sourceTree = "<group>"; };
		A656BF9417BB1C8600DFE175 /* USKBackgroundRenderer.m */ = {isa = PBXFileReference; fileEncoding = 4; lastKnownFileType = sourcecode.c.objc; path = USKBackgroundRenderer.m; sourceTree = "<group>"; };
		A656BF9517BB1C8600DFE175 /* USKCamera.h */ = {isa = PBXFileReference; fileEncoding = 4; lastKnownFileType = sourcecode.c.h; path = USKCamera.h; sourceTree = "<group>"; };
		A656BF9617BB1C8600DFE175 /* USKCamera.m */ = {isa = PBXFileReference; fileEncoding = 4; lastKnownFileType = sourcecode.c.objc; path = USKCamera.m; sourceTree = "<group>"; };
		A656BF9717BB1C8600DFE175 /* USKCameraProtocol.h */ = {isa = PBXFileReference; fileEncoding = 4; lastKnownFileType = sourcecode.c.h; path = USKCameraProtocol.h; sourceTree = "<group>"; };
		A656BF9817BB1C8600DFE175 /* USKKompeitoRenderer.h */ = {isa = PBXFileReference; fileEncoding = 4; lastKnownFileType = sourcecode.c.h; path = USKKompeitoRenderer.h; sourceTree = "<group>"; };
		A656BF9917BB1C8600DFE175 /* USKKompeitoRenderer.m */ = {isa = PBXFileReference; fileEncoding = 4; lastKnownFileType = sourcecode.c.objc; path = USKKompeitoRenderer.m; sourceTree = "<group>"; };
		A656BF9A17BB1C8600DFE175 /* USKKompeitoVertices.h */ = {isa = PBXFileReference; fileEncoding = 4; lastKnownFileType = sourcecode.c.h; path = USKKompeitoVertices.h; sourceTree = "<group>"; };
		A656BF9B17BB1C8600DFE175 /* USKPhysicsDebugRenderer.h */ = {isa = PBXFileReference; fileEncoding = 4; lastKnownFileType = sourcecode.c.h; path = USKPhysicsDebugRenderer.h; sourceTree = "<group>"; };
		A656BF9C17BB1C8600DFE175 /* USKPhysicsDebugRenderer.mm */ = {isa = PBXFileReference; fileEncoding = 4; lastKnownFileType = sourcecode.cpp.objcpp; path = USKPhysicsDebugRenderer.mm; sourceTree = "<group>"; };
		A656BF9D17BB1C8600DFE175 /* USKPostEffect.h */ = {isa = PBXFileReference; fileEncoding = 4; lastKnownFileType = sourcecode.c.h; path = USKPostEffect.h; sourceTree = "<group>"; };
		A656BF9E17BB1C8600DFE175 /* USKPostEffect.m */ = {isa = PBXFileReference; fileEncoding = 4; lastKnownFileType = sourcecode.c.objc; path = USKPostEffect.m; sourceTree = "<group>"; };
		A656BF9F17BB1C8600DFE175 /* USKSpliteShader.h */ = {isa = PBXFileReference; fileEncoding = 4; lastKnownFileType = sourcecode.c.h; path = USKSpliteShader.h; sourceTree = "<group>"; };
		A656BFA017BB1C8600DFE175 /* USKSpliteVertices.h */ = {isa = PBXFileReference; fileEncoding = 4; lastKnownFileType = sourcecode.c.h; path = USKSpliteVertices.h; sourceTree = "<group>"; };
		A656BFA117BB1C8600DFE175 /* USKStarRenderer.h */ = {isa = PBXFileReference; fileEncoding = 4; lastKnownFileType = sourcecode.c.h; path = USKStarRenderer.h; sourceTree = "<group>"; };
		A656BFA217BB1C8600DFE175 /* USKStarRenderer.m */ = {isa = PBXFileReference; fileEncoding = 4; lastKnownFileType = sourcecode.c.objc; path = USKStarRenderer.m; sourceTree = "<group>"; };
		A656BFB317BB1CA100DFE175 /* USKUtility.h */ = {isa = PBXFileReference; fileEncoding = 4; lastKnownFileType = sourcecode.c.h; path = USKUtility.h; sourceTree = "<group>"; };
		A656BFB417BB1CA100DFE175 /* USKUtility.m */ = {isa = PBXFileReference; fileEncoding = 4; lastKnownFileType = sourcecode.c.objc; path = USKUtility.m; sourceTree = "<group>"; };
		A656BFBD17BB1D4900DFE175 /* USKPagesContext.h */ = {isa = PBXFileReference; fileEncoding = 4; lastKnownFileType = sourcecode.c.h; path = USKPagesContext.h; sourceTree = "<group>"; };
		A656BFBE17BB1D4900DFE175 /* USKPagesContext.m */ = {isa = PBXFileReference; fileEncoding = 4; lastKnownFileType = sourcecode.c.objc; path = USKPagesContext.m; sourceTree = "<group>"; };
		A656BFC017BB255100DFE175 /* background.pvrtc */ = {isa = PBXFileReference; lastKnownFileType = file; path = background.pvrtc; sourceTree = "<group>"; };
		A656BFC217BB263D00DFE175 /* star.png */ = {isa = PBXFileReference; lastKnownFileType = image.png; path = star.png; sourceTree = "<group>"; };
		A66B6CEA17BBA6DF00C1BE46 /* Add.pdf */ = {isa = PBXFileReference; lastKnownFileType = image.pdf; path = Add.pdf; sourceTree = "<group>"; };
		A66B6CEB17BBA6DF00C1BE46 /* Copyleft.pdf */ = {isa = PBXFileReference; lastKnownFileType = image.pdf; path = Copyleft.pdf; sourceTree = "<group>"; };
		A66B6CEC17BBA6DF00C1BE46 /* Wikipedia.pdf */ = {isa = PBXFileReference; lastKnownFileType = image.pdf; path = Wikipedia.pdf; sourceTree = "<group>"; };
		A66B6D0317BBCCDD00C1BE46 /* ja */ = {isa = PBXFileReference; lastKnownFileType = text.plist.strings; name = ja; path = ja.lproj/InfoPlist.strings; sourceTree = "<group>"; };
		A66B6D0817BBCEEB00C1BE46 /* en */ = {isa = PBXFileReference; lastKnownFileType = file; name = en; path = en.lproj/Localizable.strings; sourceTree = "<group>"; };
		A66B6D0A17BBCEEF00C1BE46 /* ja */ = {isa = PBXFileReference; lastKnownFileType = file; name = ja; path = ja.lproj/Localizable.strings; sourceTree = "<group>"; };
		A66B6D0B17BBCF6F00C1BE46 /* MessageUI.framework */ = {isa = PBXFileReference; lastKnownFileType = wrapper.framework; name = MessageUI.framework; path = System/Library/Frameworks/MessageUI.framework; sourceTree = SDKROOT; };
		A66B6D5817BBD88A00C1BE46 /* USKBrowserViewController.h */ = {isa = PBXFileReference; fileEncoding = 4; lastKnownFileType = sourcecode.c.h; path = USKBrowserViewController.h; sourceTree = "<group>"; };
		A66B6D5917BBD88A00C1BE46 /* USKBrowserViewController.m */ = {isa = PBXFileReference; fileEncoding = 4; lastKnownFileType = sourcecode.c.objc; path = USKBrowserViewController.m; sourceTree = "<group>"; };
		A66B6D5B17BBDA1900C1BE46 /* USKBrowser.storyboard */ = {isa = PBXFileReference; fileEncoding = 4; lastKnownFileType = file.storyboard; path = USKBrowser.storyboard; sourceTree = "<group>"; };
		A66B6D6717BBDD6C00C1BE46 /* back.png */ = {isa = PBXFileReference; lastKnownFileType = image.png; path = back.png; sourceTree = "<group>"; };
		A66B6D6817BBDD6C00C1BE46 /* back@2x.png */ = {isa = PBXFileReference; lastKnownFileType = image.png; path = "back@2x.png"; sourceTree = "<group>"; };
		A66B6D6917BBDD6D00C1BE46 /* forward.png */ = {isa = PBXFileReference; lastKnownFileType = image.png; path = forward.png; sourceTree = "<group>"; };
		A66B6D6A17BBDD6D00C1BE46 /* forward@2x.png */ = {isa = PBXFileReference; lastKnownFileType = image.png; path = "forward@2x.png"; sourceTree = "<group>"; };
		A66B6D6F17BBF41D00C1BE46 /* loading */ = {isa = PBXFileReference; lastKnownFileType = folder; path = loading; sourceTree = "<group>"; };
/* End PBXFileReference section */

/* Begin PBXFrameworksBuildPhase section */
		A656BF1717BB188300DFE175 /* Frameworks */ = {
			isa = PBXFrameworksBuildPhase;
			buildActionMask = 2147483647;
			files = (
				A66B6D0C17BBCF6F00C1BE46 /* MessageUI.framework in Frameworks */,
				A656BF5D17BB1A9F00DFE175 /* GLKit.framework in Frameworks */,
				A656BF5B17BB1A9800DFE175 /* OpenGLES.framework in Frameworks */,
				A656BF5917BB1A9200DFE175 /* QuartzCore.framework in Frameworks */,
				A656BF5717BB1A8800DFE175 /* CoreData.framework in Frameworks */,
				A656BF1E17BB188300DFE175 /* UIKit.framework in Frameworks */,
				A656BF2017BB188300DFE175 /* Foundation.framework in Frameworks */,
				A656BF2217BB188300DFE175 /* CoreGraphics.framework in Frameworks */,
				A656BF4117BB18C600DFE175 /* libBulletPhysics-universal.a in Frameworks */,
			);
			runOnlyForDeploymentPostprocessing = 0;
		};
/* End PBXFrameworksBuildPhase section */

/* Begin PBXGroup section */
		A615A91117BB9258006114DC /* Factory */ = {
			isa = PBXGroup;
			children = (
				A66B6D5517BBD85600C1BE46 /* USKBrowser */,
				A615A91217BB9258006114DC /* USKFactoryPageViewController.h */,
				A615A91317BB9258006114DC /* USKFactoryPageViewController.m */,
				A615A91517BB9295006114DC /* USKFactoryPage.xib */,
			);
			path = Factory;
			sourceTree = "<group>";
		};
		A656BF1117BB188200DFE175 = {
			isa = PBXGroup;
			children = (
				A66B6D0B17BBCF6F00C1BE46 /* MessageUI.framework */,
				A656BF5C17BB1A9F00DFE175 /* GLKit.framework */,
				A656BF5A17BB1A9800DFE175 /* OpenGLES.framework */,
				A656BF5817BB1A9200DFE175 /* QuartzCore.framework */,
				A656BF5617BB1A8800DFE175 /* CoreData.framework */,
				A656BF2317BB188300DFE175 /* CrystalSuger */,
				A656BF1C17BB188300DFE175 /* Frameworks */,
				A656BF1B17BB188300DFE175 /* Products */,
			);
			sourceTree = "<group>";
		};
		A656BF1B17BB188300DFE175 /* Products */ = {
			isa = PBXGroup;
			children = (
				A656BF1A17BB188300DFE175 /* CrystalSuger.app */,
			);
			name = Products;
			sourceTree = "<group>";
		};
		A656BF1C17BB188300DFE175 /* Frameworks */ = {
			isa = PBXGroup;
			children = (
				A656BF4017BB18C600DFE175 /* libBulletPhysics-universal.a */,
				A656BF1D17BB188300DFE175 /* UIKit.framework */,
				A656BF1F17BB188300DFE175 /* Foundation.framework */,
				A656BF2117BB188300DFE175 /* CoreGraphics.framework */,
			);
			name = Frameworks;
			sourceTree = "<group>";
		};
		A656BF2317BB188300DFE175 /* CrystalSuger */ = {
			isa = PBXGroup;
			children = (
				A656BF7C17BB1C8600DFE175 /* Graphics */,
				A656BF6E17BB1C3D00DFE175 /* Physics */,
				A656BF6B17BB1B1C00DFE175 /* Resource */,
				A656BF5E17BB1AF000DFE175 /* Paging */,
				A656BF4217BB19DA00DFE175 /* Model */,
				A656BF2C17BB188400DFE175 /* USKAppDelegate.h */,
				A656BF2D17BB188400DFE175 /* USKAppDelegate.m */,
				A656BF3517BB188600DFE175 /* MainStoryboard.storyboard */,
				A656BF3817BB188600DFE175 /* USKViewController.h */,
				A656BF3917BB188600DFE175 /* USKViewController.m */,
				A656BF2417BB188300DFE175 /* Supporting Files */,
			);
			path = CrystalSuger;
			sourceTree = "<group>";
		};
		A656BF2417BB188300DFE175 /* Supporting Files */ = {
			isa = PBXGroup;
			children = (
				A656BF2517BB188300DFE175 /* CrystalSuger-Info.plist */,
				A656BF2617BB188300DFE175 /* InfoPlist.strings */,
				A66B6D0917BBCEEB00C1BE46 /* Localizable.strings */,
				A656BF2917BB188400DFE175 /* main.m */,
				A656BF2B17BB188400DFE175 /* CrystalSuger-Prefix.pch */,
				A656BF2F17BB188500DFE175 /* Default.png */,
				A656BF3117BB188500DFE175 /* Default@2x.png */,
				A656BF3317BB188500DFE175 /* Default-568h@2x.png */,
			);
			name = "Supporting Files";
			sourceTree = "<group>";
		};
		A656BF4217BB19DA00DFE175 /* Model */ = {
			isa = PBXGroup;
			children = (
				A656BF4317BB19DA00DFE175 /* NSManagedObject+Helper.h */,
				A656BF4417BB19DA00DFE175 /* NSManagedObject+Helper.m */,
				A656BF4517BB19DA00DFE175 /* USKModel.xcdatamodeld */,
				A615A90817BB7AB1006114DC /* USKRoot.h */,
				A615A90917BB7AB1006114DC /* USKRoot.m */,
				A615A90517BB7AB1006114DC /* USKPage.h */,
				A615A90617BB7AB1006114DC /* USKPage.m */,
				A615A90217BB7AB0006114DC /* USKKompeito.h */,
				A615A90317BB7AB0006114DC /* USKKompeito.m */,
				A656BF4717BB19DA00DFE175 /* USKModelManager.h */,
				A656BF4817BB19DA00DFE175 /* USKModelManager.m */,
			);
			path = Model;
			sourceTree = "<group>";
		};
		A656BF5217BB1A1B00DFE175 /* Misc */ = {
			isa = PBXGroup;
			children = (
				A656BFB317BB1CA100DFE175 /* USKUtility.h */,
				A656BFB417BB1CA100DFE175 /* USKUtility.m */,
				A656BF5317BB1A1B00DFE175 /* UIImage+PDF.h */,
				A656BF5417BB1A1B00DFE175 /* UIImage+PDF.m */,
			);
			name = Misc;
			path = ../Misc;
			sourceTree = "<group>";
		};
		A656BF5E17BB1AF000DFE175 /* Paging */ = {
			isa = PBXGroup;
			children = (
				A615A91117BB9258006114DC /* Factory */,
				A656BF6117BB1AF000DFE175 /* USKNameField.h */,
				A656BF5217BB1A1B00DFE175 /* Misc */,
				A656BF6217BB1AF000DFE175 /* USKNameField.m */,
				A656BF6317BB1AF000DFE175 /* USKOpenGLView.h */,
				A656BF6417BB1AF000DFE175 /* USKOpenGLView.m */,
				A656BF6517BB1AF000DFE175 /* USKPageViewController.h */,
				A656BF6617BB1AF000DFE175 /* USKPageViewController.m */,
				A656BFBD17BB1D4900DFE175 /* USKPagesContext.h */,
				A656BFBE17BB1D4900DFE175 /* USKPagesContext.m */,
				A615A90B17BB7E07006114DC /* USKKompeitoSphere.h */,
				A615A90C17BB7E07006114DC /* USKKompeitoSphere.m */,
				A615A90E17BB7E3E006114DC /* USKKompeitoConstants.h */,
			);
			path = Paging;
			sourceTree = "<group>";
		};
		A656BF6B17BB1B1C00DFE175 /* Resource */ = {
			isa = PBXGroup;
			children = (
				A66B6D6F17BBF41D00C1BE46 /* loading */,
				A656BFC217BB263D00DFE175 /* star.png */,
				A656BFC017BB255100DFE175 /* background.pvrtc */,
				A656BF6C17BB1B1C00DFE175 /* RemoveIcon.pdf */,
				A66B6CEA17BBA6DF00C1BE46 /* Add.pdf */,
				A66B6CEB17BBA6DF00C1BE46 /* Copyleft.pdf */,
				A66B6CEC17BBA6DF00C1BE46 /* Wikipedia.pdf */,
				A66B6D6717BBDD6C00C1BE46 /* back.png */,
				A66B6D6817BBDD6C00C1BE46 /* back@2x.png */,
				A66B6D6917BBDD6D00C1BE46 /* forward.png */,
				A66B6D6A17BBDD6D00C1BE46 /* forward@2x.png */,
			);
			path = Resource;
			sourceTree = "<group>";
		};
		A656BF6E17BB1C3D00DFE175 /* Physics */ = {
			isa = PBXGroup;
			children = (
				A656BF6F17BB1C3D00DFE175 /* USKPhialCollisionVertices.h */,
				A656BF7017BB1C3D00DFE175 /* USKPhysicsObject.h */,
				A656BF7117BB1C3D00DFE175 /* USKPhysicsObject.mm */,
				A656BF7217BB1C3D00DFE175 /* USKPhysicsSphere.h */,
				A656BF7317BB1C3D00DFE175 /* USKPhysicsSphere.mm */,
				A656BF7417BB1C3D00DFE175 /* USKPhysicsStaticMesh.h */,
				A656BF7517BB1C3D00DFE175 /* USKPhysicsStaticMesh.mm */,
				A656BF7617BB1C3D00DFE175 /* USKPhysicsWorld.h */,
				A656BF7717BB1C3D00DFE175 /* USKPhysicsWorld.mm */,
			);
			path = Physics;
			sourceTree = "<group>";
		};
		A656BF7C17BB1C8600DFE175 /* Graphics */ = {
			isa = PBXGroup;
			children = (
				A656BF7D17BB1C8600DFE175 /* G */,
				A656BF8F17BB1C8600DFE175 /* USKAddEffectGroup.h */,
				A656BF9017BB1C8600DFE175 /* USKAddEffectGroup.m */,
				A656BF9117BB1C8600DFE175 /* USKAddEffectRenderer.h */,
				A656BF9217BB1C8600DFE175 /* USKAddEffectRenderer.m */,
				A656BF9317BB1C8600DFE175 /* USKBackgroundRenderer.h */,
				A656BF9417BB1C8600DFE175 /* USKBackgroundRenderer.m */,
				A656BF9517BB1C8600DFE175 /* USKCamera.h */,
				A656BF9617BB1C8600DFE175 /* USKCamera.m */,
				A656BF9717BB1C8600DFE175 /* USKCameraProtocol.h */,
				A656BF9817BB1C8600DFE175 /* USKKompeitoRenderer.h */,
				A656BF9917BB1C8600DFE175 /* USKKompeitoRenderer.m */,
				A656BF9A17BB1C8600DFE175 /* USKKompeitoVertices.h */,
				A656BF9B17BB1C8600DFE175 /* USKPhysicsDebugRenderer.h */,
				A656BF9C17BB1C8600DFE175 /* USKPhysicsDebugRenderer.mm */,
				A656BF9D17BB1C8600DFE175 /* USKPostEffect.h */,
				A656BF9E17BB1C8600DFE175 /* USKPostEffect.m */,
				A656BF9F17BB1C8600DFE175 /* USKSpliteShader.h */,
				A656BFA017BB1C8600DFE175 /* USKSpliteVertices.h */,
				A656BFA117BB1C8600DFE175 /* USKStarRenderer.h */,
				A656BFA217BB1C8600DFE175 /* USKStarRenderer.m */,
			);
			path = Graphics;
			sourceTree = "<group>";
		};
		A656BF7D17BB1C8600DFE175 /* G */ = {
			isa = PBXGroup;
			children = (
				A656BF7E17BB1C8600DFE175 /* GFbo.h */,
				A656BF7F17BB1C8600DFE175 /* GFbo.m */,
				A656BF8017BB1C8600DFE175 /* GMacros.h */,
				A656BF8117BB1C8600DFE175 /* GMutableVbo.h */,
				A656BF8217BB1C8600DFE175 /* GMutableVbo.m */,
				A656BF8317BB1C8600DFE175 /* GShader.h */,
				A656BF8417BB1C8600DFE175 /* GShader.m */,
				A656BF8517BB1C8600DFE175 /* GState.h */,
				A656BF8617BB1C8600DFE175 /* GState.m */,
				A656BF8717BB1C8600DFE175 /* GStateManager.h */,
				A656BF8817BB1C8600DFE175 /* GStateManager.m */,
				A656BF8917BB1C8600DFE175 /* GTexture.h */,
				A656BF8A17BB1C8600DFE175 /* GTexture.m */,
				A656BF8B17BB1C8600DFE175 /* GVao.h */,
				A656BF8C17BB1C8600DFE175 /* GVao.m */,
				A656BF8D17BB1C8600DFE175 /* GVbo.h */,
				A656BF8E17BB1C8600DFE175 /* GVbo.m */,
			);
			path = G;
			sourceTree = "<group>";
		};
		A66B6D5517BBD85600C1BE46 /* USKBrowser */ = {
			isa = PBXGroup;
			children = (
				A66B6D5B17BBDA1900C1BE46 /* USKBrowser.storyboard */,
				A66B6D5817BBD88A00C1BE46 /* USKBrowserViewController.h */,
				A66B6D5917BBD88A00C1BE46 /* USKBrowserViewController.m */,
			);
			path = USKBrowser;
			sourceTree = "<group>";
		};
/* End PBXGroup section */

/* Begin PBXNativeTarget section */
		A656BF1917BB188300DFE175 /* CrystalSuger */ = {
			isa = PBXNativeTarget;
			buildConfigurationList = A656BF3D17BB188600DFE175 /* Build configuration list for PBXNativeTarget "CrystalSuger" */;
			buildPhases = (
				A656BF1617BB188300DFE175 /* Sources */,
				A656BF1717BB188300DFE175 /* Frameworks */,
				A656BF1817BB188300DFE175 /* Resources */,
			);
			buildRules = (
			);
			dependencies = (
			);
			name = CrystalSuger;
			productName = CrystalSuger;
			productReference = A656BF1A17BB188300DFE175 /* CrystalSuger.app */;
			productType = "com.apple.product-type.application";
		};
/* End PBXNativeTarget section */

/* Begin PBXProject section */
		A656BF1217BB188200DFE175 /* Project object */ = {
			isa = PBXProject;
			attributes = {
				CLASSPREFIX = USK;
				LastUpgradeCheck = 0460;
				ORGANIZATIONNAME = Ushio;
			};
			buildConfigurationList = A656BF1517BB188200DFE175 /* Build configuration list for PBXProject "CrystalSuger" */;
			compatibilityVersion = "Xcode 3.2";
			developmentRegion = English;
			hasScannedForEncodings = 0;
			knownRegions = (
				en,
				da,
				"es-ES",
				es,
				fr,
				"zh-Hans",
				"zh-Hant",
				ja,
			);
			mainGroup = A656BF1117BB188200DFE175;
			productRefGroup = A656BF1B17BB188300DFE175 /* Products */;
			projectDirPath = "";
			projectRoot = "";
			targets = (
				A656BF1917BB188300DFE175 /* CrystalSuger */,
			);
		};
/* End PBXProject section */

/* Begin PBXResourcesBuildPhase section */
		A656BF1817BB188300DFE175 /* Resources */ = {
			isa = PBXResourcesBuildPhase;
			buildActionMask = 2147483647;
			files = (
				A656BF2817BB188300DFE175 /* InfoPlist.strings in Resources */,
				A656BF3017BB188500DFE175 /* Default.png in Resources */,
				A656BF3217BB188500DFE175 /* Default@2x.png in Resources */,
				A656BF3417BB188500DFE175 /* Default-568h@2x.png in Resources */,
				A656BF3717BB188600DFE175 /* MainStoryboard.storyboard in Resources */,
				A656BF6D17BB1B1C00DFE175 /* RemoveIcon.pdf in Resources */,
				A656BFC117BB258500DFE175 /* background.pvrtc in Resources */,
				A656BFC317BB263D00DFE175 /* star.png in Resources */,
				A615A91617BB9295006114DC /* USKFactoryPage.xib in Resources */,
				A66B6CED17BBA6DF00C1BE46 /* Add.pdf in Resources */,
				A66B6CEE17BBA6DF00C1BE46 /* Copyleft.pdf in Resources */,
				A66B6CEF17BBA6DF00C1BE46 /* Wikipedia.pdf in Resources */,
				A66B6D0717BBCEEB00C1BE46 /* Localizable.strings in Resources */,
				A66B6D5C17BBDA1900C1BE46 /* USKBrowser.storyboard in Resources */,
				A66B6D6B17BBDD6E00C1BE46 /* back.png in Resources */,
				A66B6D6C17BBDD6E00C1BE46 /* back@2x.png in Resources */,
				A66B6D6D17BBDD6E00C1BE46 /* forward.png in Resources */,
				A66B6D6E17BBDD6E00C1BE46 /* forward@2x.png in Resources */,
				A66B6D7017BBF41D00C1BE46 /* loading in Resources */,
			);
			runOnlyForDeploymentPostprocessing = 0;
		};
/* End PBXResourcesBuildPhase section */

/* Begin PBXSourcesBuildPhase section */
		A656BF1617BB188300DFE175 /* Sources */ = {
			isa = PBXSourcesBuildPhase;
			buildActionMask = 2147483647;
			files = (
				A656BF2A17BB188400DFE175 /* main.m in Sources */,
				A656BF2E17BB188400DFE175 /* USKAppDelegate.m in Sources */,
				A656BF3A17BB188600DFE175 /* USKViewController.m in Sources */,
				A656BF4D17BB19DA00DFE175 /* NSManagedObject+Helper.m in Sources */,
				A656BF4E17BB19DA00DFE175 /* USKModel.xcdatamodeld in Sources */,
				A656BF4F17BB19DA00DFE175 /* USKModelManager.m in Sources */,
				A656BF5517BB1A1B00DFE175 /* UIImage+PDF.m in Sources */,
				A656BF6817BB1AF000DFE175 /* USKNameField.m in Sources */,
				A656BF6917BB1AF000DFE175 /* USKOpenGLView.m in Sources */,
				A656BF6A17BB1AF000DFE175 /* USKPageViewController.m in Sources */,
				A656BF7817BB1C3D00DFE175 /* USKPhysicsObject.mm in Sources */,
				A656BF7917BB1C3D00DFE175 /* USKPhysicsSphere.mm in Sources */,
				A656BF7A17BB1C3D00DFE175 /* USKPhysicsStaticMesh.mm in Sources */,
				A656BF7B17BB1C3D00DFE175 /* USKPhysicsWorld.mm in Sources */,
				A656BFA317BB1C8600DFE175 /* GFbo.m in Sources */,
				A656BFA417BB1C8600DFE175 /* GMutableVbo.m in Sources */,
				A656BFA517BB1C8600DFE175 /* GShader.m in Sources */,
				A656BFA617BB1C8600DFE175 /* GState.m in Sources */,
				A656BFA717BB1C8600DFE175 /* GStateManager.m in Sources */,
				A656BFA817BB1C8600DFE175 /* GTexture.m in Sources */,
				A656BFA917BB1C8600DFE175 /* GVao.m in Sources */,
				A656BFAA17BB1C8600DFE175 /* GVbo.m in Sources */,
				A656BFAB17BB1C8600DFE175 /* USKAddEffectGroup.m in Sources */,
				A656BFAC17BB1C8600DFE175 /* USKAddEffectRenderer.m in Sources */,
				A656BFAD17BB1C8600DFE175 /* USKBackgroundRenderer.m in Sources */,
				A656BFAE17BB1C8600DFE175 /* USKCamera.m in Sources */,
				A656BFAF17BB1C8600DFE175 /* USKKompeitoRenderer.m in Sources */,
				A656BFB017BB1C8600DFE175 /* USKPhysicsDebugRenderer.mm in Sources */,
				A656BFB117BB1C8600DFE175 /* USKPostEffect.m in Sources */,
				A656BFB217BB1C8600DFE175 /* USKStarRenderer.m in Sources */,
				A656BFB517BB1CA100DFE175 /* USKUtility.m in Sources */,
				A656BFBF17BB1D4900DFE175 /* USKPagesContext.m in Sources */,
				A615A90417BB7AB0006114DC /* USKKompeito.m in Sources */,
				A615A90717BB7AB1006114DC /* USKPage.m in Sources */,
				A615A90A17BB7AB1006114DC /* USKRoot.m in Sources */,
				A615A90D17BB7E07006114DC /* USKKompeitoSphere.m in Sources */,
				A615A91417BB9258006114DC /* USKFactoryPageViewController.m in Sources */,
				A66B6D5A17BBD88A00C1BE46 /* USKBrowserViewController.m in Sources */,
			);
			runOnlyForDeploymentPostprocessing = 0;
		};
/* End PBXSourcesBuildPhase section */

/* Begin PBXVariantGroup section */
		A656BF2617BB188300DFE175 /* InfoPlist.strings */ = {
			isa = PBXVariantGroup;
			children = (
				A656BF2717BB188300DFE175 /* en */,
				A66B6D0317BBCCDD00C1BE46 /* ja */,
			);
			name = InfoPlist.strings;
			sourceTree = "<group>";
		};
		A656BF3517BB188600DFE175 /* MainStoryboard.storyboard */ = {
			isa = PBXVariantGroup;
			children = (
				A656BF3617BB188600DFE175 /* en */,
			);
			name = MainStoryboard.storyboard;
			sourceTree = "<group>";
		};
		A66B6D0917BBCEEB00C1BE46 /* Localizable.strings */ = {
			isa = PBXVariantGroup;
			children = (
				A66B6D0817BBCEEB00C1BE46 /* en */,
				A66B6D0A17BBCEEF00C1BE46 /* ja */,
			);
			name = Localizable.strings;
			sourceTree = "<group>";
		};
/* End PBXVariantGroup section */

/* Begin XCBuildConfiguration section */
		A656BF3B17BB188600DFE175 /* Debug */ = {
			isa = XCBuildConfiguration;
			buildSettings = {
				ALWAYS_SEARCH_USER_PATHS = NO;
				CLANG_CXX_LANGUAGE_STANDARD = "gnu++0x";
				CLANG_CXX_LIBRARY = "libc++";
				CLANG_ENABLE_OBJC_ARC = YES;
				CLANG_WARN_CONSTANT_CONVERSION = YES;
				CLANG_WARN_EMPTY_BODY = YES;
				CLANG_WARN_ENUM_CONVERSION = YES;
				CLANG_WARN_INT_CONVERSION = YES;
				CLANG_WARN__DUPLICATE_METHOD_MATCH = YES;
				"CODE_SIGN_IDENTITY[sdk=iphoneos*]" = "iPhone Developer";
				COPY_PHASE_STRIP = NO;
				GCC_C_LANGUAGE_STANDARD = gnu99;
				GCC_DYNAMIC_NO_PIC = NO;
				GCC_OPTIMIZATION_LEVEL = 0;
				GCC_PREPROCESSOR_DEFINITIONS = (
					"DEBUG=1",
					"$(inherited)",
				);
				GCC_SYMBOLS_PRIVATE_EXTERN = NO;
				GCC_WARN_ABOUT_RETURN_TYPE = YES;
				GCC_WARN_UNINITIALIZED_AUTOS = YES;
				GCC_WARN_UNUSED_VARIABLE = YES;
				IPHONEOS_DEPLOYMENT_TARGET = 6.1;
				ONLY_ACTIVE_ARCH = YES;
				SDKROOT = iphoneos;
			};
			name = Debug;
		};
		A656BF3C17BB188600DFE175 /* Release */ = {
			isa = XCBuildConfiguration;
			buildSettings = {
				ALWAYS_SEARCH_USER_PATHS = NO;
				CLANG_CXX_LANGUAGE_STANDARD = "gnu++0x";
				CLANG_CXX_LIBRARY = "libc++";
				CLANG_ENABLE_OBJC_ARC = YES;
				CLANG_WARN_CONSTANT_CONVERSION = YES;
				CLANG_WARN_EMPTY_BODY = YES;
				CLANG_WARN_ENUM_CONVERSION = YES;
				CLANG_WARN_INT_CONVERSION = YES;
				CLANG_WARN__DUPLICATE_METHOD_MATCH = YES;
				"CODE_SIGN_IDENTITY[sdk=iphoneos*]" = "iPhone Developer";
				COPY_PHASE_STRIP = YES;
				GCC_C_LANGUAGE_STANDARD = gnu99;
				GCC_WARN_ABOUT_RETURN_TYPE = YES;
				GCC_WARN_UNINITIALIZED_AUTOS = YES;
				GCC_WARN_UNUSED_VARIABLE = YES;
				IPHONEOS_DEPLOYMENT_TARGET = 6.1;
				OTHER_CFLAGS = "-DNS_BLOCK_ASSERTIONS=1";
				SDKROOT = iphoneos;
				VALIDATE_PRODUCT = YES;
			};
			name = Release;
		};
		A656BF3E17BB188600DFE175 /* Debug */ = {
			isa = XCBuildConfiguration;
			buildSettings = {
				GCC_PRECOMPILE_PREFIX_HEADER = YES;
				GCC_PREFIX_HEADER = "CrystalSuger/CrystalSuger-Prefix.pch";
				HEADER_SEARCH_PATHS = "$(SRCROOT)/bullet2.81/header";
				INFOPLIST_FILE = "CrystalSuger/CrystalSuger-Info.plist";
				LIBRARY_SEARCH_PATHS = (
					"$(inherited)",
					"\"$(SRCROOT)/bullet2.81/lib\"",
				);
				PRODUCT_NAME = "$(TARGET_NAME)";
				WRAPPER_EXTENSION = app;
			};
			name = Debug;
		};
		A656BF3F17BB188600DFE175 /* Release */ = {
			isa = XCBuildConfiguration;
			buildSettings = {
				GCC_PRECOMPILE_PREFIX_HEADER = YES;
				GCC_PREFIX_HEADER = "CrystalSuger/CrystalSuger-Prefix.pch";
				HEADER_SEARCH_PATHS = "$(SRCROOT)/bullet2.81/header";
				INFOPLIST_FILE = "CrystalSuger/CrystalSuger-Info.plist";
				LIBRARY_SEARCH_PATHS = (
					"$(inherited)",
					"\"$(SRCROOT)/bullet2.81/lib\"",
				);
				PRODUCT_NAME = "$(TARGET_NAME)";
				WRAPPER_EXTENSION = app;
			};
			name = Release;
		};
/* End XCBuildConfiguration section */

/* Begin XCConfigurationList section */
		A656BF1517BB188200DFE175 /* Build configuration list for PBXProject "CrystalSuger" */ = {
			isa = XCConfigurationList;
			buildConfigurations = (
				A656BF3B17BB188600DFE175 /* Debug */,
				A656BF3C17BB188600DFE175 /* Release */,
			);
			defaultConfigurationIsVisible = 0;
			defaultConfigurationName = Release;
		};
		A656BF3D17BB188600DFE175 /* Build configuration list for PBXNativeTarget "CrystalSuger" */ = {
			isa = XCConfigurationList;
			buildConfigurations = (
				A656BF3E17BB188600DFE175 /* Debug */,
				A656BF3F17BB188600DFE175 /* Release */,
			);
			defaultConfigurationIsVisible = 0;
			defaultConfigurationName = Release;
		};
/* End XCConfigurationList section */

/* Begin XCVersionGroup section */
		A656BF4517BB19DA00DFE175 /* USKModel.xcdatamodeld */ = {
			isa = XCVersionGroup;
			children = (
				A656BF4617BB19DA00DFE175 /* USKModel.xcdatamodel */,
			);
			currentVersion = A656BF4617BB19DA00DFE175 /* USKModel.xcdatamodel */;
			path = USKModel.xcdatamodeld;
			sourceTree = "<group>";
			versionGroupType = wrapper.xcdatamodel;
		};
/* End XCVersionGroup section */
	};
	rootObject = A656BF1217BB188200DFE175 /* Project object */;
}
